version = 1
requires-python = ">=3.12"

[[package]]
name = "workspace-in-root"
version = "0.1.0"
source = { editable = "." }
dependencies = [
    { name = "workspace-member" },
]

[package.metadata]
requires-dist = [{ name = "workspace-member", editable = "workspacemember" }]

[[package]]
name = "workspace-member"
version = "0.1.0"
source = { editable = "workspacemember" }
